// !$*UTF8*$!
{
	archiveVersion = 1;
	classes = {
	};
	objectVersion = 46;
	objects = {

/* Begin PBXBuildFile section */
		582591161C4543C3004FFA02 /* HTMLNode.m in Sources */ = {isa = PBXBuildFile; fileRef = 582591141C4543C3004FFA02 /* HTMLNode.m */; };
		582591171C4543C3004FFA02 /* HTMLParser.m in Sources */ = {isa = PBXBuildFile; fileRef = 582591151C4543C3004FFA02 /* HTMLParser.m */; };
		583726B81C45282E003842A5 /* TPIMeta.m in Sources */ = {isa = PBXBuildFile; fileRef = 583726B71C45282E003842A5 /* TPIMeta.m */; };
		583726BD1C452F17003842A5 /* libxml2.tbd in Frameworks */ = {isa = PBXBuildFile; fileRef = 583726BC1C452F17003842A5 /* libxml2.tbd */; };
/* End PBXBuildFile section */

/* Begin PBXFileReference section */
		5825910E1C453FE0004FFA02 /* HTMLParser */ = {isa = PBXFileReference; lastKnownFileType = folder; path = HTMLParser; sourceTree = "<group>"; };
		582591121C4541DA004FFA02 /* HTMLParser.m */ = {isa = PBXFileReference; lastKnownFileType = sourcecode.c.objc; name = HTMLParser.m; path = TextualMeta/HTMLParser/HTMLParser.m; sourceTree = "<group>"; };
		582591141C4543C3004FFA02 /* HTMLNode.m */ = {isa = PBXFileReference; lastKnownFileType = sourcecode.c.objc; name = HTMLNode.m; path = TextualMeta/HTMLParser/HTMLNode.m; sourceTree = "<group>"; };
		582591151C4543C3004FFA02 /* HTMLParser.m */ = {isa = PBXFileReference; lastKnownFileType = sourcecode.c.objc; name = HTMLParser.m; path = TextualMeta/HTMLParser/HTMLParser.m; sourceTree = "<group>"; };
		583726AC1C4526F4003842A5 /* TextualMeta.bundle */ = {isa = PBXFileReference; explicitFileType = wrapper.cfbundle; includeInIndex = 0; path = TextualMeta.bundle; sourceTree = BUILT_PRODUCTS_DIR; };
		583726AF1C4526F4003842A5 /* Info.plist */ = {isa = PBXFileReference; lastKnownFileType = text.plist.xml; path = Info.plist; sourceTree = "<group>"; };
		583726B51C4527DB003842A5 /* Headers */ = {isa = PBXFileReference; lastKnownFileType = folder; name = Headers; path = ../../../../../Applications/Textual.app/Contents/Headers; sourceTree = "<group>"; };
		583726B61C45282E003842A5 /* TPIMeta.h */ = {isa = PBXFileReference; fileEncoding = 4; lastKnownFileType = sourcecode.c.h; path = TPIMeta.h; sourceTree = "<group>"; };
		583726B71C45282E003842A5 /* TPIMeta.m */ = {isa = PBXFileReference; fileEncoding = 4; lastKnownFileType = sourcecode.c.objc; path = TPIMeta.m; sourceTree = "<group>"; };
		583726BC1C452F17003842A5 /* libxml2.tbd */ = {isa = PBXFileReference; lastKnownFileType = "sourcecode.text-based-dylib-definition"; name = libxml2.tbd; path = usr/lib/libxml2.tbd; sourceTree = SDKROOT; };
/* End PBXFileReference section */

/* Begin PBXFrameworksBuildPhase section */
		583726A91C4526F4003842A5 /* Frameworks */ = {
			isa = PBXFrameworksBuildPhase;
			buildActionMask = 2147483647;
			files = (
				583726BD1C452F17003842A5 /* libxml2.tbd in Frameworks */,
			);
			runOnlyForDeploymentPostprocessing = 0;
		};
/* End PBXFrameworksBuildPhase section */

/* Begin PBXGroup section */
		583726A31C4526F4003842A5 = {
			isa = PBXGroup;
			children = (
				582591141C4543C3004FFA02 /* HTMLNode.m */,
				582591151C4543C3004FFA02 /* HTMLParser.m */,
				582591121C4541DA004FFA02 /* HTMLParser.m */,
				583726BC1C452F17003842A5 /* libxml2.tbd */,
				583726AE1C4526F4003842A5 /* TextualMeta */,
				583726AD1C4526F4003842A5 /* Products */,
			);
			sourceTree = "<group>";
		};
		583726AD1C4526F4003842A5 /* Products */ = {
			isa = PBXGroup;
			children = (
				583726AC1C4526F4003842A5 /* TextualMeta.bundle */,
			);
			name = Products;
			sourceTree = "<group>";
		};
		583726AE1C4526F4003842A5 /* TextualMeta */ = {
			isa = PBXGroup;
			children = (
				5825910E1C453FE0004FFA02 /* HTMLParser */,
				583726B51C4527DB003842A5 /* Headers */,
				583726AF1C4526F4003842A5 /* Info.plist */,
				583726B61C45282E003842A5 /* TPIMeta.h */,
				583726B71C45282E003842A5 /* TPIMeta.m */,
			);
			path = TextualMeta;
			sourceTree = "<group>";
		};
/* End PBXGroup section */

/* Begin PBXNativeTarget section */
		583726AB1C4526F4003842A5 /* TextualMeta */ = {
			isa = PBXNativeTarget;
			buildConfigurationList = 583726B21C4526F4003842A5 /* Build configuration list for PBXNativeTarget "TextualMeta" */;
			buildPhases = (
				583726A81C4526F4003842A5 /* Sources */,
				583726A91C4526F4003842A5 /* Frameworks */,
				583726AA1C4526F4003842A5 /* Resources */,
			);
			buildRules = (
			);
			dependencies = (
			);
			name = TextualMeta;
			productName = TextualMeta;
			productReference = 583726AC1C4526F4003842A5 /* TextualMeta.bundle */;
			productType = "com.apple.product-type.bundle";
		};
/* End PBXNativeTarget section */

/* Begin PBXProject section */
		583726A41C4526F4003842A5 /* Project object */ = {
			isa = PBXProject;
			attributes = {
				LastUpgradeCheck = 0720;
				ORGANIZATIONNAME = SebCorbin;
				TargetAttributes = {
					583726AB1C4526F4003842A5 = {
						CreatedOnToolsVersion = 7.2;
					};
				};
			};
			buildConfigurationList = 583726A71C4526F4003842A5 /* Build configuration list for PBXProject "TextualMeta" */;
			compatibilityVersion = "Xcode 3.2";
			developmentRegion = English;
			hasScannedForEncodings = 0;
			knownRegions = (
				en,
			);
			mainGroup = 583726A31C4526F4003842A5;
			productRefGroup = 583726AD1C4526F4003842A5 /* Products */;
			projectDirPath = "";
			projectRoot = "";
			targets = (
				583726AB1C4526F4003842A5 /* TextualMeta */,
			);
		};
/* End PBXProject section */

/* Begin PBXResourcesBuildPhase section */
		583726AA1C4526F4003842A5 /* Resources */ = {
			isa = PBXResourcesBuildPhase;
			buildActionMask = 2147483647;
			files = (
			);
			runOnlyForDeploymentPostprocessing = 0;
		};
/* End PBXResourcesBuildPhase section */

/* Begin PBXSourcesBuildPhase section */
		583726A81C4526F4003842A5 /* Sources */ = {
			isa = PBXSourcesBuildPhase;
			buildActionMask = 2147483647;
			files = (
				582591161C4543C3004FFA02 /* HTMLNode.m in Sources */,
				582591171C4543C3004FFA02 /* HTMLParser.m in Sources */,
				583726B81C45282E003842A5 /* TPIMeta.m in Sources */,
			);
			runOnlyForDeploymentPostprocessing = 0;
		};
/* End PBXSourcesBuildPhase section */

/* Begin XCBuildConfiguration section */
		583726B01C4526F4003842A5 /* Debug */ = {
			isa = XCBuildConfiguration;
			buildSettings = {
				ALWAYS_SEARCH_USER_PATHS = NO;
				CLANG_CXX_LANGUAGE_STANDARD = "gnu++0x";
				CLANG_CXX_LIBRARY = "libc++";
				CLANG_ENABLE_MODULES = YES;
				CLANG_ENABLE_OBJC_ARC = YES;
				CLANG_WARN_BOOL_CONVERSION = YES;
				CLANG_WARN_CONSTANT_CONVERSION = YES;
				CLANG_WARN_DIRECT_OBJC_ISA_USAGE = YES_ERROR;
				CLANG_WARN_EMPTY_BODY = YES;
				CLANG_WARN_ENUM_CONVERSION = YES;
				CLANG_WARN_INT_CONVERSION = YES;
				CLANG_WARN_OBJC_ROOT_CLASS = YES_ERROR;
				CLANG_WARN_UNREACHABLE_CODE = YES;
				CLANG_WARN__DUPLICATE_METHOD_MATCH = YES;
				CODE_SIGN_IDENTITY = "-";
				COPY_PHASE_STRIP = NO;
				DEBUG_INFORMATION_FORMAT = dwarf;
				ENABLE_STRICT_OBJC_MSGSEND = YES;
				ENABLE_TESTABILITY = YES;
				GCC_C_LANGUAGE_STANDARD = gnu99;
				GCC_DYNAMIC_NO_PIC = NO;
				GCC_NO_COMMON_BLOCKS = YES;
				GCC_OPTIMIZATION_LEVEL = 0;
				GCC_PREPROCESSOR_DEFINITIONS = (
					"DEBUG=1",
					"$(inherited)",
				);
				GCC_WARN_64_TO_32_BIT_CONVERSION = YES;
				GCC_WARN_ABOUT_RETURN_TYPE = YES_ERROR;
				GCC_WARN_UNDECLARED_SELECTOR = YES;
				GCC_WARN_UNINITIALIZED_AUTOS = YES_AGGRESSIVE;
				GCC_WARN_UNUSED_FUNCTION = YES;
				GCC_WARN_UNUSED_VARIABLE = YES;
				MACOSX_DEPLOYMENT_TARGET = 10.11;
				MTL_ENABLE_DEBUG_INFO = YES;
				ONLY_ACTIVE_ARCH = YES;
				SDKROOT = macosx;
			};
			name = Debug;
		};
		583726B11C4526F4003842A5 /* Release */ = {
			isa = XCBuildConfiguration;
			buildSettings = {
				ALWAYS_SEARCH_USER_PATHS = NO;
				CLANG_CXX_LANGUAGE_STANDARD = "gnu++0x";
				CLANG_CXX_LIBRARY = "libc++";
				CLANG_ENABLE_MODULES = YES;
				CLANG_ENABLE_OBJC_ARC = YES;
				CLANG_WARN_BOOL_CONVERSION = YES;
				CLANG_WARN_CONSTANT_CONVERSION = YES;
				CLANG_WARN_DIRECT_OBJC_ISA_USAGE = YES_ERROR;
				CLANG_WARN_EMPTY_BODY = YES;
				CLANG_WARN_ENUM_CONVERSION = YES;
				CLANG_WARN_INT_CONVERSION = YES;
				CLANG_WARN_OBJC_ROOT_CLASS = YES_ERROR;
				CLANG_WARN_UNREACHABLE_CODE = YES;
				CLANG_WARN__DUPLICATE_METHOD_MATCH = YES;
				CODE_SIGN_IDENTITY = "-";
				COPY_PHASE_STRIP = NO;
				DEBUG_INFORMATION_FORMAT = "dwarf-with-dsym";
				ENABLE_NS_ASSERTIONS = NO;
				ENABLE_STRICT_OBJC_MSGSEND = YES;
				GCC_C_LANGUAGE_STANDARD = gnu99;
				GCC_NO_COMMON_BLOCKS = YES;
				GCC_WARN_64_TO_32_BIT_CONVERSION = YES;
				GCC_WARN_ABOUT_RETURN_TYPE = YES_ERROR;
				GCC_WARN_UNDECLARED_SELECTOR = YES;
				GCC_WARN_UNINITIALIZED_AUTOS = YES_AGGRESSIVE;
				GCC_WARN_UNUSED_FUNCTION = YES;
				GCC_WARN_UNUSED_VARIABLE = YES;
				MACOSX_DEPLOYMENT_TARGET = 10.11;
				MTL_ENABLE_DEBUG_INFO = NO;
				SDKROOT = macosx;
			};
			name = Release;
		};
		583726B31C4526F4003842A5 /* Debug */ = {
			isa = XCBuildConfiguration;
			buildSettings = {
				BUNDLE_LOADER = /Applications/Textual.app/Contents/MacOS/Textual;
				COMBINE_HIDPI_IMAGES = YES;
				FRAMEWORK_SEARCH_PATHS = "\"/Applications/Textual.app/Contents/Frameworks/**\"";
				HEADER_SEARCH_PATHS = (
					"\"/Applications/Textual.app/Contents/Headers/**\"",
					"\"/usr/include/libxml2\"",
				);
				INFOPLIST_FILE = TextualMeta/Info.plist;
				INSTALL_PATH = "$(LOCAL_LIBRARY_DIR)/Bundles";
				PRODUCT_BUNDLE_IDENTIFIER = fr.sebcorbin.blog.TextualMeta;
				PRODUCT_NAME = "$(TARGET_NAME)";
				SKIP_INSTALL = YES;
				WRAPPER_EXTENSION = bundle;
			};
			name = Debug;
		};
		583726B41C4526F4003842A5 /* Release */ = {
			isa = XCBuildConfiguration;
			buildSettings = {
				BUNDLE_LOADER = /Applications/Textual.app/Contents/MacOS/Textual;
				COMBINE_HIDPI_IMAGES = YES;
				FRAMEWORK_SEARCH_PATHS = "\"/Applications/Textual.app/Contents/Frameworks/**\"";
				HEADER_SEARCH_PATHS = (
					"\"/Applications/Textual.app/Contents/Headers/**\"",
					"\"/usr/include/libxml2\"",
				);
				INFOPLIST_FILE = TextualMeta/Info.plist;
				INSTALL_PATH = "$(LOCAL_LIBRARY_DIR)/Bundles";
				PRODUCT_BUNDLE_IDENTIFIER = fr.sebcorbin.blog.TextualMeta;
				PRODUCT_NAME = "$(TARGET_NAME)";
				SKIP_INSTALL = YES;
				WRAPPER_EXTENSION = bundle;
			};
			name = Release;
		};
/* End XCBuildConfiguration section */

/* Begin XCConfigurationList section */
		583726A71C4526F4003842A5 /* Build configuration list for PBXProject "TextualMeta" */ = {
			isa = XCConfigurationList;
			buildConfigurations = (
				583726B01C4526F4003842A5 /* Debug */,
				583726B11C4526F4003842A5 /* Release */,
			);
			defaultConfigurationIsVisible = 0;
			defaultConfigurationName = Release;
		};
		583726B21C4526F4003842A5 /* Build configuration list for PBXNativeTarget "TextualMeta" */ = {
			isa = XCConfigurationList;
			buildConfigurations = (
				583726B31C4526F4003842A5 /* Debug */,
				583726B41C4526F4003842A5 /* Release */,
			);
			defaultConfigurationIsVisible = 0;
			defaultConfigurationName = Release;
		};
/* End XCConfigurationList section */
	};
	rootObject = 583726A41C4526F4003842A5 /* Project object */;
}
